
Microsoft Visual Studio Solution File, Format Version 12.00
# Visual Studio Version 17
VisualStudioVersion = 17.9.34728.123
MinimumVisualStudioVersion = 10.0.40219.1
Project("{FAE04EC0-301F-11D3-BF4B-00C04F79EFBC}") = "Mvcmovie", "Mvcmovie\Mvcmovie.csproj", "{E1069855-A644-4291-8CE5-FBE96BAFCD3A}"
EndProject
Global
	GlobalSection(SolutionConfigurationPlatforms) = preSolution
		Debug|Any CPU = Debug|Any CPU
		Release|Any CPU = Release|Any CPU
	EndGlobalSection
	GlobalSection(ProjectConfigurationPlatforms) = postSolution
		{E1069855-A644-4291-8CE5-FBE96BAFCD3A}.Debug|Any CPU.ActiveCfg = Debug|Any CPU
		{E1069855-A644-4291-8CE5-FBE96BAFCD3A}.Debug|Any CPU.Build.0 = Debug|Any CPU
		{E1069855-A644-4291-8CE5-FBE96BAFCD3A}.Release|Any CPU.ActiveCfg = Release|Any CPU
		{E1069855-A644-4291-8CE5-FBE96BAFCD3A}.Release|Any CPU.Build.0 = Release|Any CPU
	EndGlobalSection
	GlobalSection(SolutionProperties) = preSolution
		HideSolutionNode = FALSE
	EndGlobalSection
	GlobalSection(ExtensibilityGlobals) = postSolution
		SolutionGuid = {0C8CF226-1165-4A2C-9E61-59ABABFB8082}
	EndGlobalSection
EndGlobal
